
Microsoft Visual Studio Solution File, Format Version 12.00
# Visual Studio Version 17
VisualStudioVersion = 17.3.32922.545
MinimumVisualStudioVersion = 10.0.40219.1
Project("{9A19103F-16F7-4668-BE54-9A1E7A4F7556}") = "AutomationService.EF", "AutomationService.EF\AutomationService.EF.csproj", "{0DC263D1-F366-4C2B-96AD-997565A0A765}"
EndProject
Project("{9A19103F-16F7-4668-BE54-9A1E7A4F7556}") = "AutomationService.Domain", "AutomationService.Domain\AutomationService.Domain.csproj", "{591DF461-2D30-40B2-8BFC-EB389F177790}"
EndProject
Project("{9A19103F-16F7-4668-BE54-9A1E7A4F7556}") = "AutomationService.WPF", "AutomationService.WPF\AutomationService.WPF.csproj", "{2692D152-EB0E-4539-8C24-C7090EB83AA1}"
EndProject
Global
	GlobalSection(SolutionConfigurationPlatforms) = preSolution
		Debug|Any CPU = Debug|Any CPU
		Release|Any CPU = Release|Any CPU
	EndGlobalSection
	GlobalSection(ProjectConfigurationPlatforms) = postSolution
		{0DC263D1-F366-4C2B-96AD-997565A0A765}.Debug|Any CPU.ActiveCfg = Debug|Any CPU
		{0DC263D1-F366-4C2B-96AD-997565A0A765}.Debug|Any CPU.Build.0 = Debug|Any CPU
		{0DC263D1-F366-4C2B-96AD-997565A0A765}.Release|Any CPU.ActiveCfg = Release|Any CPU
		{0DC263D1-F366-4C2B-96AD-997565A0A765}.Release|Any CPU.Build.0 = Release|Any CPU
		{591DF461-2D30-40B2-8BFC-EB389F177790}.Debug|Any CPU.ActiveCfg = Debug|Any CPU
		{591DF461-2D30-40B2-8BFC-EB389F177790}.Debug|Any CPU.Build.0 = Debug|Any CPU
		{591DF461-2D30-40B2-8BFC-EB389F177790}.Release|Any CPU.ActiveCfg = Release|Any CPU
		{591DF461-2D30-40B2-8BFC-EB389F177790}.Release|Any CPU.Build.0 = Release|Any CPU
		{2692D152-EB0E-4539-8C24-C7090EB83AA1}.Debug|Any CPU.ActiveCfg = Debug|Any CPU
		{2692D152-EB0E-4539-8C24-C7090EB83AA1}.Debug|Any CPU.Build.0 = Debug|Any CPU
		{2692D152-EB0E-4539-8C24-C7090EB83AA1}.Release|Any CPU.ActiveCfg = Release|Any CPU
		{2692D152-EB0E-4539-8C24-C7090EB83AA1}.Release|Any CPU.Build.0 = Release|Any CPU
	EndGlobalSection
	GlobalSection(SolutionProperties) = preSolution
		HideSolutionNode = FALSE
	EndGlobalSection
	GlobalSection(ExtensibilityGlobals) = postSolution
		SolutionGuid = {7C5205FB-0458-47D6-B8F8-E674CD448DCA}
	EndGlobalSection
EndGlobal
